
Microsoft Visual Studio Solution File, Format Version 12.00
# Visual Studio Version 17
VisualStudioVersion = 17.7.34202.233
MinimumVisualStudioVersion = 10.0.40219.1
Project("{FAE04EC0-301F-11D3-BF4B-00C04F79EFBC}") = "StudentManagementSystem", "StudentManagementSystem\StudentManagementSystem.csproj", "{0030D7EC-1AE0-406F-9A24-7C4EFAF8F34E}"
EndProject
Global
	GlobalSection(SolutionConfigurationPlatforms) = preSolution
		Debug|Any CPU = Debug|Any CPU
		Release|Any CPU = Release|Any CPU
	EndGlobalSection
	GlobalSection(ProjectConfigurationPlatforms) = postSolution
		{0030D7EC-1AE0-406F-9A24-7C4EFAF8F34E}.Debug|Any CPU.ActiveCfg = Debug|Any CPU
		{0030D7EC-1AE0-406F-9A24-7C4EFAF8F34E}.Debug|Any CPU.Build.0 = Debug|Any CPU
		{0030D7EC-1AE0-406F-9A24-7C4EFAF8F34E}.Release|Any CPU.ActiveCfg = Release|Any CPU
		{0030D7EC-1AE0-406F-9A24-7C4EFAF8F34E}.Release|Any CPU.Build.0 = Release|Any CPU
	EndGlobalSection
	GlobalSection(SolutionProperties) = preSolution
		HideSolutionNode = FALSE
	EndGlobalSection
	GlobalSection(ExtensibilityGlobals) = postSolution
		SolutionGuid = {E4E6E3F8-B110-4642-B30A-FF3D31F60866}
	EndGlobalSection
EndGlobal
